// !$*UTF8*$!
{
	archiveVersion = 1;
	classes = {
	};
	objectVersion = 46;
	objects = {

/* Begin PBXBuildFile section */
		DDD610021AA8E88400B7A9F0 /* DataSource.plist in Resources */ = {isa = PBXBuildFile; fileRef = DDD610011AA8E88400B7A9F0 /* DataSource.plist */; };
		DDED6A831A93ACA900DBE0F0 /* main.m in Sources */ = {isa = PBXBuildFile; fileRef = DDED6A821A93ACA900DBE0F0 /* main.m */; };
		DDED6A861A93ACA900DBE0F0 /* AppDelegate.m in Sources */ = {isa = PBXBuildFile; fileRef = DDED6A851A93ACA900DBE0F0 /* AppDelegate.m */; };
		DDED6A8E1A93ACA900DBE0F0 /* Images.xcassets in Resources */ = {isa = PBXBuildFile; fileRef = DDED6A8D1A93ACA900DBE0F0 /* Images.xcassets */; };
		DDED6A911A93ACA900DBE0F0 /* LaunchScreen.xib in Resources */ = {isa = PBXBuildFile; fileRef = DDED6A8F1A93ACA900DBE0F0 /* LaunchScreen.xib */; };
		DDED6A9D1A93ACA900DBE0F0 /* SampleProjectTests.m in Sources */ = {isa = PBXBuildFile; fileRef = DDED6A9C1A93ACA900DBE0F0 /* SampleProjectTests.m */; };
		DDED6AB11A93AD1A00DBE0F0 /* ABCellMenuView.m in Sources */ = {isa = PBXBuildFile; fileRef = DDED6AA71A93AD1A00DBE0F0 /* ABCellMenuView.m */; };
		DDED6AB21A93AD1A00DBE0F0 /* ABCellMailStyleMenuView.xib in Resources */ = {isa = PBXBuildFile; fileRef = DDED6AA81A93AD1A00DBE0F0 /* ABCellMailStyleMenuView.xib */; };
		DDED6AB31A93AD1A00DBE0F0 /* ABCellCustomStyleMenuView.xib in Resources */ = {isa = PBXBuildFile; fileRef = DDED6AA91A93AD1A00DBE0F0 /* ABCellCustomStyleMenuView.xib */; };
		DDED6AB51A93AD1A00DBE0F0 /* MainViewController.m in Sources */ = {isa = PBXBuildFile; fileRef = DDED6AAD1A93AD1A00DBE0F0 /* MainViewController.m */; };
		DDED6AB61A93AD1A00DBE0F0 /* MainViewController.xib in Resources */ = {isa = PBXBuildFile; fileRef = DDED6AAE1A93AD1A00DBE0F0 /* MainViewController.xib */; };
		DDED6AB71A93AD1A00DBE0F0 /* UIView+XIB.m in Sources */ = {isa = PBXBuildFile; fileRef = DDED6AB01A93AD1A00DBE0F0 /* UIView+XIB.m */; };
		DDED6ABD1A93B1A700DBE0F0 /* ABMenuTableViewCell.m in Sources */ = {isa = PBXBuildFile; fileRef = DDED6ABC1A93B1A700DBE0F0 /* ABMenuTableViewCell.m */; };
/* End PBXBuildFile section */

/* Begin PBXContainerItemProxy section */
		DDED6A971A93ACA900DBE0F0 /* PBXContainerItemProxy */ = {
			isa = PBXContainerItemProxy;
			containerPortal = DDED6A751A93ACA900DBE0F0 /* Project object */;
			proxyType = 1;
			remoteGlobalIDString = DDED6A7C1A93ACA900DBE0F0;
			remoteInfo = SampleProject;
		};
/* End PBXContainerItemProxy section */

/* Begin PBXFileReference section */
		DDD610011AA8E88400B7A9F0 /* DataSource.plist */ = {isa = PBXFileReference; fileEncoding = 4; lastKnownFileType = text.plist.xml; path = DataSource.plist; sourceTree = "<group>"; };
		DDED6A7D1A93ACA900DBE0F0 /* SampleProject.app */ = {isa = PBXFileReference; explicitFileType = wrapper.application; includeInIndex = 0; path = SampleProject.app; sourceTree = BUILT_PRODUCTS_DIR; };
		DDED6A811A93ACA900DBE0F0 /* Info.plist */ = {isa = PBXFileReference; lastKnownFileType = text.plist.xml; path = Info.plist; sourceTree = "<group>"; };
		DDED6A821A93ACA900DBE0F0 /* main.m */ = {isa = PBXFileReference; lastKnownFileType = sourcecode.c.objc; path = main.m; sourceTree = "<group>"; };
		DDED6A841A93ACA900DBE0F0 /* AppDelegate.h */ = {isa = PBXFileReference; lastKnownFileType = sourcecode.c.h; path = AppDelegate.h; sourceTree = "<group>"; };
		DDED6A851A93ACA900DBE0F0 /* AppDelegate.m */ = {isa = PBXFileReference; lastKnownFileType = sourcecode.c.objc; path = AppDelegate.m; sourceTree = "<group>"; };
		DDED6A8D1A93ACA900DBE0F0 /* Images.xcassets */ = {isa = PBXFileReference; lastKnownFileType = folder.assetcatalog; path = Images.xcassets; sourceTree = "<group>"; };
		DDED6A901A93ACA900DBE0F0 /* Base */ = {isa = PBXFileReference; lastKnownFileType = file.xib; name = Base; path = Base.lproj/LaunchScreen.xib; sourceTree = "<group>"; };
		DDED6A961A93ACA900DBE0F0 /* SampleProjectTests.xctest */ = {isa = PBXFileReference; explicitFileType = wrapper.cfbundle; includeInIndex = 0; path = SampleProjectTests.xctest; sourceTree = BUILT_PRODUCTS_DIR; };
		DDED6A9B1A93ACA900DBE0F0 /* Info.plist */ = {isa = PBXFileReference; lastKnownFileType = text.plist.xml; path = Info.plist; sourceTree = "<group>"; };
		DDED6A9C1A93ACA900DBE0F0 /* SampleProjectTests.m */ = {isa = PBXFileReference; lastKnownFileType = sourcecode.c.objc; path = SampleProjectTests.m; sourceTree = "<group>"; };
		DDED6AA61A93AD1A00DBE0F0 /* ABCellMenuView.h */ = {isa = PBXFileReference; fileEncoding = 4; lastKnownFileType = sourcecode.c.h; path = ABCellMenuView.h; sourceTree = "<group>"; };
		DDED6AA71A93AD1A00DBE0F0 /* ABCellMenuView.m */ = {isa = PBXFileReference; fileEncoding = 4; lastKnownFileType = sourcecode.c.objc; path = ABCellMenuView.m; sourceTree = "<group>"; };
		DDED6AA81A93AD1A00DBE0F0 /* ABCellMailStyleMenuView.xib */ = {isa = PBXFileReference; fileEncoding = 4; lastKnownFileType = file.xib; path = ABCellMailStyleMenuView.xib; sourceTree = "<group>"; };
		DDED6AA91A93AD1A00DBE0F0 /* ABCellCustomStyleMenuView.xib */ = {isa = PBXFileReference; fileEncoding = 4; lastKnownFileType = file.xib; path = ABCellCustomStyleMenuView.xib; sourceTree = "<group>"; };
		DDED6AAC1A93AD1A00DBE0F0 /* MainViewController.h */ = {isa = PBXFileReference; fileEncoding = 4; lastKnownFileType = sourcecode.c.h; path = MainViewController.h; sourceTree = "<group>"; };
		DDED6AAD1A93AD1A00DBE0F0 /* MainViewController.m */ = {isa = PBXFileReference; fileEncoding = 4; lastKnownFileType = sourcecode.c.objc; path = MainViewController.m; sourceTree = "<group>"; };
		DDED6AAE1A93AD1A00DBE0F0 /* MainViewController.xib */ = {isa = PBXFileReference; fileEncoding = 4; lastKnownFileType = file.xib; path = MainViewController.xib; sourceTree = "<group>"; };
		DDED6AAF1A93AD1A00DBE0F0 /* UIView+XIB.h */ = {isa = PBXFileReference; fileEncoding = 4; lastKnownFileType = sourcecode.c.h; path = "UIView+XIB.h"; sourceTree = "<group>"; };
		DDED6AB01A93AD1A00DBE0F0 /* UIView+XIB.m */ = {isa = PBXFileReference; fileEncoding = 4; lastKnownFileType = sourcecode.c.objc; path = "UIView+XIB.m"; sourceTree = "<group>"; };
		DDED6ABB1A93B1A700DBE0F0 /* ABMenuTableViewCell.h */ = {isa = PBXFileReference; fileEncoding = 4; lastKnownFileType = sourcecode.c.h; path = ABMenuTableViewCell.h; sourceTree = "<group>"; };
		DDED6ABC1A93B1A700DBE0F0 /* ABMenuTableViewCell.m */ = {isa = PBXFileReference; fileEncoding = 4; lastKnownFileType = sourcecode.c.objc; path = ABMenuTableViewCell.m; sourceTree = "<group>"; };
/* End PBXFileReference section */

/* Begin PBXFrameworksBuildPhase section */
		DDED6A7A1A93ACA900DBE0F0 /* Frameworks */ = {
			isa = PBXFrameworksBuildPhase;
			buildActionMask = 2147483647;
			files = (
			);
			runOnlyForDeploymentPostprocessing = 0;
		};
		DDED6A931A93ACA900DBE0F0 /* Frameworks */ = {
			isa = PBXFrameworksBuildPhase;
			buildActionMask = 2147483647;
			files = (
			);
			runOnlyForDeploymentPostprocessing = 0;
		};
/* End PBXFrameworksBuildPhase section */

/* Begin PBXGroup section */
		DDED6A741A93ACA900DBE0F0 = {
			isa = PBXGroup;
			children = (
				DDED6A7F1A93ACA900DBE0F0 /* SampleProject */,
				DDED6A991A93ACA900DBE0F0 /* SampleProjectTests */,
				DDED6A7E1A93ACA900DBE0F0 /* Products */,
			);
			sourceTree = "<group>";
		};
		DDED6A7E1A93ACA900DBE0F0 /* Products */ = {
			isa = PBXGroup;
			children = (
				DDED6A7D1A93ACA900DBE0F0 /* SampleProject.app */,
				DDED6A961A93ACA900DBE0F0 /* SampleProjectTests.xctest */,
			);
			name = Products;
			sourceTree = "<group>";
		};
		DDED6A7F1A93ACA900DBE0F0 /* SampleProject */ = {
			isa = PBXGroup;
			children = (
				DDED6AB81A93AD1E00DBE0F0 /* Categories */,
				DDED6AB91A93AD2700DBE0F0 /* UI */,
				DDED6A841A93ACA900DBE0F0 /* AppDelegate.h */,
				DDED6A851A93ACA900DBE0F0 /* AppDelegate.m */,
				DDED6A8D1A93ACA900DBE0F0 /* Images.xcassets */,
				DDED6A8F1A93ACA900DBE0F0 /* LaunchScreen.xib */,
				DDED6A801A93ACA900DBE0F0 /* Supporting Files */,
			);
			path = SampleProject;
			sourceTree = "<group>";
		};
		DDED6A801A93ACA900DBE0F0 /* Supporting Files */ = {
			isa = PBXGroup;
			children = (
				DDED6A811A93ACA900DBE0F0 /* Info.plist */,
				DDED6A821A93ACA900DBE0F0 /* main.m */,
				DDD610011AA8E88400B7A9F0 /* DataSource.plist */,
			);
			name = "Supporting Files";
			sourceTree = "<group>";
		};
		DDED6A991A93ACA900DBE0F0 /* SampleProjectTests */ = {
			isa = PBXGroup;
			children = (
				DDED6A9C1A93ACA900DBE0F0 /* SampleProjectTests.m */,
				DDED6A9A1A93ACA900DBE0F0 /* Supporting Files */,
			);
			path = SampleProjectTests;
			sourceTree = "<group>";
		};
		DDED6A9A1A93ACA900DBE0F0 /* Supporting Files */ = {
			isa = PBXGroup;
			children = (
				DDED6A9B1A93ACA900DBE0F0 /* Info.plist */,
			);
			name = "Supporting Files";
			sourceTree = "<group>";
		};
		DDED6AB81A93AD1E00DBE0F0 /* Categories */ = {
			isa = PBXGroup;
			children = (
				DDED6AAF1A93AD1A00DBE0F0 /* UIView+XIB.h */,
				DDED6AB01A93AD1A00DBE0F0 /* UIView+XIB.m */,
			);
			name = Categories;
			sourceTree = "<group>";
		};
		DDED6AB91A93AD2700DBE0F0 /* UI */ = {
			isa = PBXGroup;
			children = (
				DDED6ABA1A93B1A700DBE0F0 /* ABMenuTableViewCell */,
				DDED6AAC1A93AD1A00DBE0F0 /* MainViewController.h */,
				DDED6AAD1A93AD1A00DBE0F0 /* MainViewController.m */,
				DDED6AAE1A93AD1A00DBE0F0 /* MainViewController.xib */,
				DDED6AA61A93AD1A00DBE0F0 /* ABCellMenuView.h */,
				DDED6AA71A93AD1A00DBE0F0 /* ABCellMenuView.m */,
				DDED6AA81A93AD1A00DBE0F0 /* ABCellMailStyleMenuView.xib */,
				DDED6AA91A93AD1A00DBE0F0 /* ABCellCustomStyleMenuView.xib */,
			);
			name = UI;
			sourceTree = "<group>";
		};
		DDED6ABA1A93B1A700DBE0F0 /* ABMenuTableViewCell */ = {
			isa = PBXGroup;
			children = (
				DDED6ABB1A93B1A700DBE0F0 /* ABMenuTableViewCell.h */,
				DDED6ABC1A93B1A700DBE0F0 /* ABMenuTableViewCell.m */,
			);
			name = ABMenuTableViewCell;
			path = ../../ABMenuTableViewCell;
			sourceTree = "<group>";
		};
/* End PBXGroup section */

/* Begin PBXNativeTarget section */
		DDED6A7C1A93ACA900DBE0F0 /* SampleProject */ = {
			isa = PBXNativeTarget;
			buildConfigurationList = DDED6AA01A93ACA900DBE0F0 /* Build configuration list for PBXNativeTarget "SampleProject" */;
			buildPhases = (
				DDED6A791A93ACA900DBE0F0 /* Sources */,
				DDED6A7A1A93ACA900DBE0F0 /* Frameworks */,
				DDED6A7B1A93ACA900DBE0F0 /* Resources */,
			);
			buildRules = (
			);
			dependencies = (
			);
			name = SampleProject;
			productName = SampleProject;
			productReference = DDED6A7D1A93ACA900DBE0F0 /* SampleProject.app */;
			productType = "com.apple.product-type.application";
		};
		DDED6A951A93ACA900DBE0F0 /* SampleProjectTests */ = {
			isa = PBXNativeTarget;
			buildConfigurationList = DDED6AA31A93ACA900DBE0F0 /* Build configuration list for PBXNativeTarget "SampleProjectTests" */;
			buildPhases = (
				DDED6A921A93ACA900DBE0F0 /* Sources */,
				DDED6A931A93ACA900DBE0F0 /* Frameworks */,
				DDED6A941A93ACA900DBE0F0 /* Resources */,
			);
			buildRules = (
			);
			dependencies = (
				DDED6A981A93ACA900DBE0F0 /* PBXTargetDependency */,
			);
			name = SampleProjectTests;
			productName = SampleProjectTests;
			productReference = DDED6A961A93ACA900DBE0F0 /* SampleProjectTests.xctest */;
			productType = "com.apple.product-type.bundle.unit-test";
		};
/* End PBXNativeTarget section */

/* Begin PBXProject section */
		DDED6A751A93ACA900DBE0F0 /* Project object */ = {
			isa = PBXProject;
			attributes = {
				LastUpgradeCheck = 0610;
				ORGANIZATIONNAME = "Alex Bumbu";
				TargetAttributes = {
					DDED6A7C1A93ACA900DBE0F0 = {
						CreatedOnToolsVersion = 6.1.1;
					};
					DDED6A951A93ACA900DBE0F0 = {
						CreatedOnToolsVersion = 6.1.1;
						TestTargetID = DDED6A7C1A93ACA900DBE0F0;
					};
				};
			};
			buildConfigurationList = DDED6A781A93ACA900DBE0F0 /* Build configuration list for PBXProject "SampleProject" */;
			compatibilityVersion = "Xcode 3.2";
			developmentRegion = English;
			hasScannedForEncodings = 0;
			knownRegions = (
				en,
				Base,
			);
			mainGroup = DDED6A741A93ACA900DBE0F0;
			productRefGroup = DDED6A7E1A93ACA900DBE0F0 /* Products */;
			projectDirPath = "";
			projectRoot = "";
			targets = (
				DDED6A7C1A93ACA900DBE0F0 /* SampleProject */,
				DDED6A951A93ACA900DBE0F0 /* SampleProjectTests */,
			);
		};
/* End PBXProject section */

/* Begin PBXResourcesBuildPhase section */
		DDED6A7B1A93ACA900DBE0F0 /* Resources */ = {
			isa = PBXResourcesBuildPhase;
			buildActionMask = 2147483647;
			files = (
				DDED6A911A93ACA900DBE0F0 /* LaunchScreen.xib in Resources */,
				DDED6AB31A93AD1A00DBE0F0 /* ABCellCustomStyleMenuView.xib in Resources */,
				DDED6AB61A93AD1A00DBE0F0 /* MainViewController.xib in Resources */,
				DDED6AB21A93AD1A00DBE0F0 /* ABCellMailStyleMenuView.xib in Resources */,
				DDED6A8E1A93ACA900DBE0F0 /* Images.xcassets in Resources */,
				DDD610021AA8E88400B7A9F0 /* DataSource.plist in Resources */,
			);
			runOnlyForDeploymentPostprocessing = 0;
		};
		DDED6A941A93ACA900DBE0F0 /* Resources */ = {
			isa = PBXResourcesBuildPhase;
			buildActionMask = 2147483647;
			files = (
			);
			runOnlyForDeploymentPostprocessing = 0;
		};
/* End PBXResourcesBuildPhase section */

/* Begin PBXSourcesBuildPhase section */
		DDED6A791A93ACA900DBE0F0 /* Sources */ = {
			isa = PBXSourcesBuildPhase;
			buildActionMask = 2147483647;
			files = (
				DDED6A861A93ACA900DBE0F0 /* AppDelegate.m in Sources */,
				DDED6AB11A93AD1A00DBE0F0 /* ABCellMenuView.m in Sources */,
				DDED6AB71A93AD1A00DBE0F0 /* UIView+XIB.m in Sources */,
				DDED6ABD1A93B1A700DBE0F0 /* ABMenuTableViewCell.m in Sources */,
				DDED6A831A93ACA900DBE0F0 /* main.m in Sources */,
				DDED6AB51A93AD1A00DBE0F0 /* MainViewController.m in Sources */,
			);
			runOnlyForDeploymentPostprocessing = 0;
		};
		DDED6A921A93ACA900DBE0F0 /* Sources */ = {
			isa = PBXSourcesBuildPhase;
			buildActionMask = 2147483647;
			files = (
				DDED6A9D1A93ACA900DBE0F0 /* SampleProjectTests.m in Sources */,
			);
			runOnlyForDeploymentPostprocessing = 0;
		};
/* End PBXSourcesBuildPhase section */

/* Begin PBXTargetDependency section */
		DDED6A981A93ACA900DBE0F0 /* PBXTargetDependency */ = {
			isa = PBXTargetDependency;
			target = DDED6A7C1A93ACA900DBE0F0 /* SampleProject */;
			targetProxy = DDED6A971A93ACA900DBE0F0 /* PBXContainerItemProxy */;
		};
/* End PBXTargetDependency section */

/* Begin PBXVariantGroup section */
		DDED6A8F1A93ACA900DBE0F0 /* LaunchScreen.xib */ = {
			isa = PBXVariantGroup;
			children = (
				DDED6A901A93ACA900DBE0F0 /* Base */,
			);
			name = LaunchScreen.xib;
			sourceTree = "<group>";
		};
/* End PBXVariantGroup section */

/* Begin XCBuildConfiguration section */
		DDED6A9E1A93ACA900DBE0F0 /* Debug */ = {
			isa = XCBuildConfiguration;
			buildSettings = {
				ALWAYS_SEARCH_USER_PATHS = NO;
				CLANG_CXX_LANGUAGE_STANDARD = "gnu++0x";
				CLANG_CXX_LIBRARY = "libc++";
				CLANG_ENABLE_MODULES = YES;
				CLANG_ENABLE_OBJC_ARC = YES;
				CLANG_WARN_BOOL_CONVERSION = YES;
				CLANG_WARN_CONSTANT_CONVERSION = YES;
				CLANG_WARN_DIRECT_OBJC_ISA_USAGE = YES_ERROR;
				CLANG_WARN_EMPTY_BODY = YES;
				CLANG_WARN_ENUM_CONVERSION = YES;
				CLANG_WARN_INT_CONVERSION = YES;
				CLANG_WARN_OBJC_ROOT_CLASS = YES_ERROR;
				CLANG_WARN_UNREACHABLE_CODE = YES;
				CLANG_WARN__DUPLICATE_METHOD_MATCH = YES;
				"CODE_SIGN_IDENTITY[sdk=iphoneos*]" = "iPhone Developer";
				COPY_PHASE_STRIP = NO;
				ENABLE_STRICT_OBJC_MSGSEND = YES;
				GCC_C_LANGUAGE_STANDARD = gnu99;
				GCC_DYNAMIC_NO_PIC = NO;
				GCC_OPTIMIZATION_LEVEL = 0;
				GCC_PREPROCESSOR_DEFINITIONS = (
					"DEBUG=1",
					"$(inherited)",
				);
				GCC_SYMBOLS_PRIVATE_EXTERN = NO;
				GCC_WARN_64_TO_32_BIT_CONVERSION = YES;
				GCC_WARN_ABOUT_RETURN_TYPE = YES_ERROR;
				GCC_WARN_UNDECLARED_SELECTOR = YES;
				GCC_WARN_UNINITIALIZED_AUTOS = YES_AGGRESSIVE;
				GCC_WARN_UNUSED_FUNCTION = YES;
				GCC_WARN_UNUSED_VARIABLE = YES;
				IPHONEOS_DEPLOYMENT_TARGET = 8.1;
				MTL_ENABLE_DEBUG_INFO = YES;
				ONLY_ACTIVE_ARCH = YES;
				SDKROOT = iphoneos;
			};
			name = Debug;
		};
		DDED6A9F1A93ACA900DBE0F0 /* Release */ = {
			isa = XCBuildConfiguration;
			buildSettings = {
				ALWAYS_SEARCH_USER_PATHS = NO;
				CLANG_CXX_LANGUAGE_STANDARD = "gnu++0x";
				CLANG_CXX_LIBRARY = "libc++";
				CLANG_ENABLE_MODULES = YES;
				CLANG_ENABLE_OBJC_ARC = YES;
				CLANG_WARN_BOOL_CONVERSION = YES;
				CLANG_WARN_CONSTANT_CONVERSION = YES;
				CLANG_WARN_DIRECT_OBJC_ISA_USAGE = YES_ERROR;
				CLANG_WARN_EMPTY_BODY = YES;
				CLANG_WARN_ENUM_CONVERSION = YES;
				CLANG_WARN_INT_CONVERSION = YES;
				CLANG_WARN_OBJC_ROOT_CLASS = YES_ERROR;
				CLANG_WARN_UNREACHABLE_CODE = YES;
				CLANG_WARN__DUPLICATE_METHOD_MATCH = YES;
				"CODE_SIGN_IDENTITY[sdk=iphoneos*]" = "iPhone Developer";
				COPY_PHASE_STRIP = YES;
				ENABLE_NS_ASSERTIONS = NO;
				ENABLE_STRICT_OBJC_MSGSEND = YES;
				GCC_C_LANGUAGE_STANDARD = gnu99;
				GCC_WARN_64_TO_32_BIT_CONVERSION = YES;
				GCC_WARN_ABOUT_RETURN_TYPE = YES_ERROR;
				GCC_WARN_UNDECLARED_SELECTOR = YES;
				GCC_WARN_UNINITIALIZED_AUTOS = YES_AGGRESSIVE;
				GCC_WARN_UNUSED_FUNCTION = YES;
				GCC_WARN_UNUSED_VARIABLE = YES;
				IPHONEOS_DEPLOYMENT_TARGET = 8.1;
				MTL_ENABLE_DEBUG_INFO = NO;
				SDKROOT = iphoneos;
				VALIDATE_PRODUCT = YES;
			};
			name = Release;
		};
		DDED6AA11A93ACA900DBE0F0 /* Debug */ = {
			isa = XCBuildConfiguration;
			buildSettings = {
				ASSETCATALOG_COMPILER_APPICON_NAME = AppIcon;
				INFOPLIST_FILE = SampleProject/Info.plist;
				IPHONEOS_DEPLOYMENT_TARGET = 7.0;
				LD_RUNPATH_SEARCH_PATHS = "$(inherited) @executable_path/Frameworks";
				PRODUCT_NAME = "$(TARGET_NAME)";
				TARGETED_DEVICE_FAMILY = 1;
			};
			name = Debug;
		};
		DDED6AA21A93ACA900DBE0F0 /* Release */ = {
			isa = XCBuildConfiguration;
			buildSettings = {
				ASSETCATALOG_COMPILER_APPICON_NAME = AppIcon;
				INFOPLIST_FILE = SampleProject/Info.plist;
				IPHONEOS_DEPLOYMENT_TARGET = 7.0;
				LD_RUNPATH_SEARCH_PATHS = "$(inherited) @executable_path/Frameworks";
				PRODUCT_NAME = "$(TARGET_NAME)";
				TARGETED_DEVICE_FAMILY = 1;
			};
			name = Release;
		};
		DDED6AA41A93ACA900DBE0F0 /* Debug */ = {
			isa = XCBuildConfiguration;
			buildSettings = {
				BUNDLE_LOADER = "$(TEST_HOST)";
				FRAMEWORK_SEARCH_PATHS = (
					"$(SDKROOT)/Developer/Library/Frameworks",
					"$(inherited)",
				);
				GCC_PREPROCESSOR_DEFINITIONS = (
					"DEBUG=1",
					"$(inherited)",
				);
				INFOPLIST_FILE = SampleProjectTests/Info.plist;
				LD_RUNPATH_SEARCH_PATHS = "$(inherited) @executable_path/Frameworks @loader_path/Frameworks";
				PRODUCT_NAME = "$(TARGET_NAME)";
				TEST_HOST = "$(BUILT_PRODUCTS_DIR)/SampleProject.app/SampleProject";
			};
			name = Debug;
		};
		DDED6AA51A93ACA900DBE0F0 /* Release */ = {
			isa = XCBuildConfiguration;
			buildSettings = {
				BUNDLE_LOADER = "$(TEST_HOST)";
				FRAMEWORK_SEARCH_PATHS = (
					"$(SDKROOT)/Developer/Library/Frameworks",
					"$(inherited)",
				);
				INFOPLIST_FILE = SampleProjectTests/Info.plist;
				LD_RUNPATH_SEARCH_PATHS = "$(inherited) @executable_path/Frameworks @loader_path/Frameworks";
				PRODUCT_NAME = "$(TARGET_NAME)";
				TEST_HOST = "$(BUILT_PRODUCTS_DIR)/SampleProject.app/SampleProject";
			};
			name = Release;
		};
/* End XCBuildConfiguration section */

/* Begin XCConfigurationList section */
		DDED6A781A93ACA900DBE0F0 /* Build configuration list for PBXProject "SampleProject" */ = {
			isa = XCConfigurationList;
			buildConfigurations = (
				DDED6A9E1A93ACA900DBE0F0 /* Debug */,
				DDED6A9F1A93ACA900DBE0F0 /* Release */,
			);
			defaultConfigurationIsVisible = 0;
			defaultConfigurationName = Release;
		};
		DDED6AA01A93ACA900DBE0F0 /* Build configuration list for PBXNativeTarget "SampleProject" */ = {
			isa = XCConfigurationList;
			buildConfigurations = (
				DDED6AA11A93ACA900DBE0F0 /* Debug */,
				DDED6AA21A93ACA900DBE0F0 /* Release */,
			);
			defaultConfigurationIsVisible = 0;
			defaultConfigurationName = Release;
		};
		DDED6AA31A93ACA900DBE0F0 /* Build configuration list for PBXNativeTarget "SampleProjectTests" */ = {
			isa = XCConfigurationList;
			buildConfigurations = (
				DDED6AA41A93ACA900DBE0F0 /* Debug */,
				DDED6AA51A93ACA900DBE0F0 /* Release */,
			);
			defaultConfigurationIsVisible = 0;
			defaultConfigurationName = Release;
		};
/* End XCConfigurationList section */
	};
	rootObject = DDED6A751A93ACA900DBE0F0 /* Project object */;
}
